
Microsoft Visual Studio Solution File, Format Version 12.00
# Visual Studio Version 16
VisualStudioVersion = 16.0.31005.135
MinimumVisualStudioVersion = 10.0.40219.1
Project("{9A19103F-16F7-4668-BE54-9A1E7A4F7556}") = "Battleships.App", "Battleships.App\Battleships.App.csproj", "{54CB1F46-7B8C-4F4F-9267-D2BE709F78F4}"
EndProject
Project("{9A19103F-16F7-4668-BE54-9A1E7A4F7556}") = "Battleships.Logic", "Battleships.Logic\Battleships.Logic.csproj", "{81F3B996-51B0-4D06-BDBA-071B03FB6344}"
EndProject
Project("{9A19103F-16F7-4668-BE54-9A1E7A4F7556}") = "Battleships.Data", "Battleships.Data\Battleships.Data.csproj", "{B4B2F72A-863B-400C-BA3F-B8DA57983B11}"
EndProject
Project("{2150E333-8FDC-42A3-9474-1A3956D46DE8}") = "Tests", "Tests", "{8CF05F8A-AD95-46AE-9AF7-4FF671D44236}"
EndProject
Project("{9A19103F-16F7-4668-BE54-9A1E7A4F7556}") = "Battleships.Tests.Unit", "Battleships.Tests\Battleships.Tests.Unit\Battleships.Tests.Unit.csproj", "{C8FA7E19-ED64-40B0-BEBA-09C6C319AC7F}"
EndProject
Global
	GlobalSection(SolutionConfigurationPlatforms) = preSolution
		Debug|Any CPU = Debug|Any CPU
		Release|Any CPU = Release|Any CPU
	EndGlobalSection
	GlobalSection(ProjectConfigurationPlatforms) = postSolution
		{54CB1F46-7B8C-4F4F-9267-D2BE709F78F4}.Debug|Any CPU.ActiveCfg = Debug|Any CPU
		{54CB1F46-7B8C-4F4F-9267-D2BE709F78F4}.Debug|Any CPU.Build.0 = Debug|Any CPU
		{54CB1F46-7B8C-4F4F-9267-D2BE709F78F4}.Release|Any CPU.ActiveCfg = Release|Any CPU
		{54CB1F46-7B8C-4F4F-9267-D2BE709F78F4}.Release|Any CPU.Build.0 = Release|Any CPU
		{81F3B996-51B0-4D06-BDBA-071B03FB6344}.Debug|Any CPU.ActiveCfg = Debug|Any CPU
		{81F3B996-51B0-4D06-BDBA-071B03FB6344}.Debug|Any CPU.Build.0 = Debug|Any CPU
		{81F3B996-51B0-4D06-BDBA-071B03FB6344}.Release|Any CPU.ActiveCfg = Release|Any CPU
		{81F3B996-51B0-4D06-BDBA-071B03FB6344}.Release|Any CPU.Build.0 = Release|Any CPU
		{B4B2F72A-863B-400C-BA3F-B8DA57983B11}.Debug|Any CPU.ActiveCfg = Debug|Any CPU
		{B4B2F72A-863B-400C-BA3F-B8DA57983B11}.Debug|Any CPU.Build.0 = Debug|Any CPU
		{B4B2F72A-863B-400C-BA3F-B8DA57983B11}.Release|Any CPU.ActiveCfg = Release|Any CPU
		{B4B2F72A-863B-400C-BA3F-B8DA57983B11}.Release|Any CPU.Build.0 = Release|Any CPU
		{C8FA7E19-ED64-40B0-BEBA-09C6C319AC7F}.Debug|Any CPU.ActiveCfg = Debug|Any CPU
		{C8FA7E19-ED64-40B0-BEBA-09C6C319AC7F}.Debug|Any CPU.Build.0 = Debug|Any CPU
		{C8FA7E19-ED64-40B0-BEBA-09C6C319AC7F}.Release|Any CPU.ActiveCfg = Release|Any CPU
		{C8FA7E19-ED64-40B0-BEBA-09C6C319AC7F}.Release|Any CPU.Build.0 = Release|Any CPU
	EndGlobalSection
	GlobalSection(SolutionProperties) = preSolution
		HideSolutionNode = FALSE
	EndGlobalSection
	GlobalSection(NestedProjects) = preSolution
		{C8FA7E19-ED64-40B0-BEBA-09C6C319AC7F} = {8CF05F8A-AD95-46AE-9AF7-4FF671D44236}
	EndGlobalSection
	GlobalSection(ExtensibilityGlobals) = postSolution
		SolutionGuid = {E9FF5705-85EA-4BA9-9547-F40CA3FA3EDC}
	EndGlobalSection
EndGlobal
